
Microsoft Visual Studio Solution File, Format Version 12.00
# Visual Studio Version 17
VisualStudioVersion = 17.4.33403.182
MinimumVisualStudioVersion = 10.0.40219.1
Project("{FAE04EC0-301F-11D3-BF4B-00C04F79EFBC}") = "Job_Portal Website", "Job_Portal Website.csproj", "{A062748E-2013-41B4-BD53-A0DE38D410A1}"
EndProject
Global
	GlobalSection(SolutionConfigurationPlatforms) = preSolution
		Debug|Any CPU = Debug|Any CPU
		Release|Any CPU = Release|Any CPU
	EndGlobalSection
	GlobalSection(ProjectConfigurationPlatforms) = postSolution
		{A062748E-2013-41B4-BD53-A0DE38D410A1}.Debug|Any CPU.ActiveCfg = Debug|Any CPU
		{A062748E-2013-41B4-BD53-A0DE38D410A1}.Debug|Any CPU.Build.0 = Debug|Any CPU
		{A062748E-2013-41B4-BD53-A0DE38D410A1}.Release|Any CPU.ActiveCfg = Release|Any CPU
		{A062748E-2013-41B4-BD53-A0DE38D410A1}.Release|Any CPU.Build.0 = Release|Any CPU
	EndGlobalSection
	GlobalSection(SolutionProperties) = preSolution
		HideSolutionNode = FALSE
	EndGlobalSection
	GlobalSection(ExtensibilityGlobals) = postSolution
		SolutionGuid = {E0D839FD-7AB5-4304-A547-687594D6D50D}
	EndGlobalSection
EndGlobal
